
Microsoft Visual Studio Solution File, Format Version 12.00
# Visual Studio 15
VisualStudioVersion = 15.0.27428.2015
MinimumVisualStudioVersion = 10.0.40219.1
Project("{FAE04EC0-301F-11D3-BF4B-00C04F79EFBC}") = "SoundToText", "SoundToText\SoundToText.csproj", "{D02B8C9A-06CE-46BB-8ABA-AA826DA76E46}"
	ProjectSection(ProjectDependencies) = postProject
		{A3082956-9EE4-4B35-9B4E-B07D0C4C8B56} = {A3082956-9EE4-4B35-9B4E-B07D0C4C8B56}
	EndProjectSection
EndProject
Project("{FAE04EC0-301F-11D3-BF4B-00C04F79EFBC}") = "SearchTextBox", "..\SearchTextBox\UIControls\SearchTextBox.csproj", "{A3082956-9EE4-4B35-9B4E-B07D0C4C8B56}"
EndProject
Global
	GlobalSection(SolutionConfigurationPlatforms) = preSolution
		Debug|Any CPU = Debug|Any CPU
		Release|Any CPU = Release|Any CPU
	EndGlobalSection
	GlobalSection(ProjectConfigurationPlatforms) = postSolution
		{D02B8C9A-06CE-46BB-8ABA-AA826DA76E46}.Debug|Any CPU.ActiveCfg = Debug|Any CPU
		{D02B8C9A-06CE-46BB-8ABA-AA826DA76E46}.Debug|Any CPU.Build.0 = Debug|Any CPU
		{D02B8C9A-06CE-46BB-8ABA-AA826DA76E46}.Release|Any CPU.ActiveCfg = Release|Any CPU
		{D02B8C9A-06CE-46BB-8ABA-AA826DA76E46}.Release|Any CPU.Build.0 = Release|Any CPU
		{A3082956-9EE4-4B35-9B4E-B07D0C4C8B56}.Debug|Any CPU.ActiveCfg = Debug|Any CPU
		{A3082956-9EE4-4B35-9B4E-B07D0C4C8B56}.Debug|Any CPU.Build.0 = Debug|Any CPU
		{A3082956-9EE4-4B35-9B4E-B07D0C4C8B56}.Release|Any CPU.ActiveCfg = Release|Any CPU
		{A3082956-9EE4-4B35-9B4E-B07D0C4C8B56}.Release|Any CPU.Build.0 = Release|Any CPU
	EndGlobalSection
	GlobalSection(SolutionProperties) = preSolution
		HideSolutionNode = FALSE
	EndGlobalSection
	GlobalSection(ExtensibilityGlobals) = postSolution
		SolutionGuid = {982FCB13-7467-43BB-93EF-85D0CCC61D6B}
	EndGlobalSection
EndGlobal
